// !$*UTF8*$!
{
	archiveVersion = 1;
	classes = {
	};
	objectVersion = 46;
	objects = {

/* Begin PBXBuildFile section */
		74AA9EF41D06ACA900D92115 /* AppDelegate.swift in Sources */ = {isa = PBXBuildFile; fileRef = 74AA9EF31D06ACA900D92115 /* AppDelegate.swift */; };
		74AA9EF61D06ACA900D92115 /* ViewController.swift in Sources */ = {isa = PBXBuildFile; fileRef = 74AA9EF51D06ACA900D92115 /* ViewController.swift */; };
		74AA9EF91D06ACA900D92115 /* Main.storyboard in Resources */ = {isa = PBXBuildFile; fileRef = 74AA9EF71D06ACA900D92115 /* Main.storyboard */; };
		74AA9EFB1D06ACA900D92115 /* Assets.xcassets in Resources */ = {isa = PBXBuildFile; fileRef = 74AA9EFA1D06ACA900D92115 /* Assets.xcassets */; };
		74AA9EFE1D06ACA900D92115 /* LaunchScreen.storyboard in Resources */ = {isa = PBXBuildFile; fileRef = 74AA9EFC1D06ACA900D92115 /* LaunchScreen.storyboard */; };
		74AA9F061D06B13200D92115 /* SignInViewController.swift in Sources */ = {isa = PBXBuildFile; fileRef = 74AA9F051D06B13200D92115 /* SignInViewController.swift */; };
		74AA9F081D06B3A700D92115 /* SignUpViewController.swift in Sources */ = {isa = PBXBuildFile; fileRef = 74AA9F071D06B3A700D92115 /* SignUpViewController.swift */; };
		74AA9F0A1D06BB7700D92115 /* ChooseResourceViewController.swift in Sources */ = {isa = PBXBuildFile; fileRef = 74AA9F091D06BB7700D92115 /* ChooseResourceViewController.swift */; };
		74AA9F0D1D06C13100D92115 /* Bolts.framework in Frameworks */ = {isa = PBXBuildFile; fileRef = 74AA9F0B1D06C13100D92115 /* Bolts.framework */; };
		74AA9F0E1D06C13100D92115 /* Parse.framework in Frameworks */ = {isa = PBXBuildFile; fileRef = 74AA9F0C1D06C13100D92115 /* Parse.framework */; };
		74AA9F111D06C33300D92115 /* AudioToolbox.framework in Frameworks */ = {isa = PBXBuildFile; fileRef = 74AA9F101D06C33300D92115 /* AudioToolbox.framework */; };
		74AA9F131D06C33D00D92115 /* CFNetwork.framework in Frameworks */ = {isa = PBXBuildFile; fileRef = 74AA9F121D06C33D00D92115 /* CFNetwork.framework */; };
		74AA9F151D06C34300D92115 /* CoreGraphics.framework in Frameworks */ = {isa = PBXBuildFile; fileRef = 74AA9F141D06C34300D92115 /* CoreGraphics.framework */; };
		74AA9F171D06C34B00D92115 /* CoreLocation.framework in Frameworks */ = {isa = PBXBuildFile; fileRef = 74AA9F161D06C34B00D92115 /* CoreLocation.framework */; };
		74AA9F191D06C35400D92115 /* QuartzCore.framework in Frameworks */ = {isa = PBXBuildFile; fileRef = 74AA9F181D06C35400D92115 /* QuartzCore.framework */; };
		74AA9F1B1D06C35B00D92115 /* Security.framework in Frameworks */ = {isa = PBXBuildFile; fileRef = 74AA9F1A1D06C35B00D92115 /* Security.framework */; };
		74AA9F1D1D06C36800D92115 /* StoreKit.framework in Frameworks */ = {isa = PBXBuildFile; fileRef = 74AA9F1C1D06C36800D92115 /* StoreKit.framework */; };
		74AA9F1F1D06C37500D92115 /* SystemConfiguration.framework in Frameworks */ = {isa = PBXBuildFile; fileRef = 74AA9F1E1D06C37500D92115 /* SystemConfiguration.framework */; };
		74AA9F211D06C37D00D92115 /* libz.tbd in Frameworks */ = {isa = PBXBuildFile; fileRef = 74AA9F201D06C37D00D92115 /* libz.tbd */; };
		74AA9F231D06C38400D92115 /* libsqlite3.tbd in Frameworks */ = {isa = PBXBuildFile; fileRef = 74AA9F221D06C38400D92115 /* libsqlite3.tbd */; };
		74AA9F251D06CE0E00D92115 /* ResetPasswordViewController.swift in Sources */ = {isa = PBXBuildFile; fileRef = 74AA9F241D06CE0E00D92115 /* ResetPasswordViewController.swift */; };
		74AA9F291D07E51400D92115 /* FBSDKCoreKit.framework in Frameworks */ = {isa = PBXBuildFile; fileRef = 74AA9F261D07E51400D92115 /* FBSDKCoreKit.framework */; };
		74AA9F2A1D07E51400D92115 /* FBSDKLoginKit.framework in Frameworks */ = {isa = PBXBuildFile; fileRef = 74AA9F271D07E51400D92115 /* FBSDKLoginKit.framework */; };
		74AA9F2B1D07E51400D92115 /* FBSDKShareKit.framework in Frameworks */ = {isa = PBXBuildFile; fileRef = 74AA9F281D07E51400D92115 /* FBSDKShareKit.framework */; };
		74AA9F321D080B8A00D92115 /* ParseFacebookUtils.framework in Frameworks */ = {isa = PBXBuildFile; fileRef = 74AA9F311D080B8A00D92115 /* ParseFacebookUtils.framework */; };
		74AA9F341D080D3B00D92115 /* ParseFacebookUtilsV4.framework in Frameworks */ = {isa = PBXBuildFile; fileRef = 74AA9F331D080D3B00D92115 /* ParseFacebookUtilsV4.framework */; };
		74AA9F3C1D09427C00D92115 /* FeedTableViewController.swift in Sources */ = {isa = PBXBuildFile; fileRef = 74AA9F3B1D09427C00D92115 /* FeedTableViewController.swift */; };
		74AA9F3E1D0942CE00D92115 /* FavoritesTableViewController.swift in Sources */ = {isa = PBXBuildFile; fileRef = 74AA9F3D1D0942CE00D92115 /* FavoritesTableViewController.swift */; };
		74AA9F401D0942E700D92115 /* ProfileViewController.swift in Sources */ = {isa = PBXBuildFile; fileRef = 74AA9F3F1D0942E700D92115 /* ProfileViewController.swift */; };
		74AA9F421D09479100D92115 /* TrendingTableViewController.swift in Sources */ = {isa = PBXBuildFile; fileRef = 74AA9F411D09479100D92115 /* TrendingTableViewController.swift */; };
		74AA9F441D095B4F00D92115 /* Container.swift in Sources */ = {isa = PBXBuildFile; fileRef = 74AA9F431D095B4F00D92115 /* Container.swift */; };
		74AA9F461D095E3F00D92115 /* TabBarViewController.swift in Sources */ = {isa = PBXBuildFile; fileRef = 74AA9F451D095E3F00D92115 /* TabBarViewController.swift */; };
/* End PBXBuildFile section */

/* Begin PBXFileReference section */
		74AA9EF01D06ACA900D92115 /* NewsFeedGenerator.app */ = {isa = PBXFileReference; explicitFileType = wrapper.application; includeInIndex = 0; path = NewsFeedGenerator.app; sourceTree = BUILT_PRODUCTS_DIR; };
		74AA9EF31D06ACA900D92115 /* AppDelegate.swift */ = {isa = PBXFileReference; lastKnownFileType = sourcecode.swift; path = AppDelegate.swift; sourceTree = "<group>"; };
		74AA9EF51D06ACA900D92115 /* ViewController.swift */ = {isa = PBXFileReference; lastKnownFileType = sourcecode.swift; path = ViewController.swift; sourceTree = "<group>"; };
		74AA9EF81D06ACA900D92115 /* Base */ = {isa = PBXFileReference; lastKnownFileType = file.storyboard; name = Base; path = Base.lproj/Main.storyboard; sourceTree = "<group>"; };
		74AA9EFA1D06ACA900D92115 /* Assets.xcassets */ = {isa = PBXFileReference; lastKnownFileType = folder.assetcatalog; path = Assets.xcassets; sourceTree = "<group>"; };
		74AA9EFD1D06ACA900D92115 /* Base */ = {isa = PBXFileReference; lastKnownFileType = file.storyboard; name = Base; path = Base.lproj/LaunchScreen.storyboard; sourceTree = "<group>"; };
		74AA9EFF1D06ACA900D92115 /* Info.plist */ = {isa = PBXFileReference; lastKnownFileType = text.plist.xml; path = Info.plist; sourceTree = "<group>"; };
		74AA9F051D06B13200D92115 /* SignInViewController.swift */ = {isa = PBXFileReference; fileEncoding = 4; lastKnownFileType = sourcecode.swift; path = SignInViewController.swift; sourceTree = "<group>"; };
		74AA9F071D06B3A700D92115 /* SignUpViewController.swift */ = {isa = PBXFileReference; fileEncoding = 4; lastKnownFileType = sourcecode.swift; path = SignUpViewController.swift; sourceTree = "<group>"; };
		74AA9F091D06BB7700D92115 /* ChooseResourceViewController.swift */ = {isa = PBXFileReference; fileEncoding = 4; lastKnownFileType = sourcecode.swift; path = ChooseResourceViewController.swift; sourceTree = "<group>"; };
		74AA9F0B1D06C13100D92115 /* Bolts.framework */ = {isa = PBXFileReference; lastKnownFileType = wrapper.framework; path = Bolts.framework; sourceTree = "<group>"; };
		74AA9F0C1D06C13100D92115 /* Parse.framework */ = {isa = PBXFileReference; lastKnownFileType = wrapper.framework; path = Parse.framework; sourceTree = "<group>"; };
		74AA9F101D06C33300D92115 /* AudioToolbox.framework */ = {isa = PBXFileReference; lastKnownFileType = wrapper.framework; name = AudioToolbox.framework; path = System/Library/Frameworks/AudioToolbox.framework; sourceTree = SDKROOT; };
		74AA9F121D06C33D00D92115 /* CFNetwork.framework */ = {isa = PBXFileReference; lastKnownFileType = wrapper.framework; name = CFNetwork.framework; path = System/Library/Frameworks/CFNetwork.framework; sourceTree = SDKROOT; };
		74AA9F141D06C34300D92115 /* CoreGraphics.framework */ = {isa = PBXFileReference; lastKnownFileType = wrapper.framework; name = CoreGraphics.framework; path = System/Library/Frameworks/CoreGraphics.framework; sourceTree = SDKROOT; };
		74AA9F161D06C34B00D92115 /* CoreLocation.framework */ = {isa = PBXFileReference; lastKnownFileType = wrapper.framework; name = CoreLocation.framework; path = System/Library/Frameworks/CoreLocation.framework; sourceTree = SDKROOT; };
		74AA9F181D06C35400D92115 /* QuartzCore.framework */ = {isa = PBXFileReference; lastKnownFileType = wrapper.framework; name = QuartzCore.framework; path = System/Library/Frameworks/QuartzCore.framework; sourceTree = SDKROOT; };
		74AA9F1A1D06C35B00D92115 /* Security.framework */ = {isa = PBXFileReference; lastKnownFileType = wrapper.framework; name = Security.framework; path = System/Library/Frameworks/Security.framework; sourceTree = SDKROOT; };
		74AA9F1C1D06C36800D92115 /* StoreKit.framework */ = {isa = PBXFileReference; lastKnownFileType = wrapper.framework; name = StoreKit.framework; path = System/Library/Frameworks/StoreKit.framework; sourceTree = SDKROOT; };
		74AA9F1E1D06C37500D92115 /* SystemConfiguration.framework */ = {isa = PBXFileReference; lastKnownFileType = wrapper.framework; name = SystemConfiguration.framework; path = System/Library/Frameworks/SystemConfiguration.framework; sourceTree = SDKROOT; };
		74AA9F201D06C37D00D92115 /* libz.tbd */ = {isa = PBXFileReference; lastKnownFileType = "sourcecode.text-based-dylib-definition"; name = libz.tbd; path = usr/lib/libz.tbd; sourceTree = SDKROOT; };
		74AA9F221D06C38400D92115 /* libsqlite3.tbd */ = {isa = PBXFileReference; lastKnownFileType = "sourcecode.text-based-dylib-definition"; name = libsqlite3.tbd; path = usr/lib/libsqlite3.tbd; sourceTree = SDKROOT; };
		74AA9F241D06CE0E00D92115 /* ResetPasswordViewController.swift */ = {isa = PBXFileReference; fileEncoding = 4; lastKnownFileType = sourcecode.swift; path = ResetPasswordViewController.swift; sourceTree = "<group>"; };
		74AA9F261D07E51400D92115 /* FBSDKCoreKit.framework */ = {isa = PBXFileReference; lastKnownFileType = wrapper.framework; name = FBSDKCoreKit.framework; path = ../FBSDKCoreKit.framework; sourceTree = "<group>"; };
		74AA9F271D07E51400D92115 /* FBSDKLoginKit.framework */ = {isa = PBXFileReference; lastKnownFileType = wrapper.framework; name = FBSDKLoginKit.framework; path = ../FBSDKLoginKit.framework; sourceTree = "<group>"; };
		74AA9F281D07E51400D92115 /* FBSDKShareKit.framework */ = {isa = PBXFileReference; lastKnownFileType = wrapper.framework; name = FBSDKShareKit.framework; path = ../FBSDKShareKit.framework; sourceTree = "<group>"; };
		74AA9F2D1D07ECA400D92115 /* NewsFeedGenerator-Bridging-Header.h */ = {isa = PBXFileReference; lastKnownFileType = sourcecode.c.h; path = "NewsFeedGenerator-Bridging-Header.h"; sourceTree = "<group>"; };
		74AA9F311D080B8A00D92115 /* ParseFacebookUtils.framework */ = {isa = PBXFileReference; lastKnownFileType = wrapper.framework; path = ParseFacebookUtils.framework; sourceTree = "<group>"; };
		74AA9F331D080D3B00D92115 /* ParseFacebookUtilsV4.framework */ = {isa = PBXFileReference; lastKnownFileType = wrapper.framework; path = ParseFacebookUtilsV4.framework; sourceTree = "<group>"; };
		74AA9F3B1D09427C00D92115 /* FeedTableViewController.swift */ = {isa = PBXFileReference; fileEncoding = 4; lastKnownFileType = sourcecode.swift; path = FeedTableViewController.swift; sourceTree = "<group>"; };
		74AA9F3D1D0942CE00D92115 /* FavoritesTableViewController.swift */ = {isa = PBXFileReference; fileEncoding = 4; lastKnownFileType = sourcecode.swift; path = FavoritesTableViewController.swift; sourceTree = "<group>"; };
		74AA9F3F1D0942E700D92115 /* ProfileViewController.swift */ = {isa = PBXFileReference; fileEncoding = 4; lastKnownFileType = sourcecode.swift; path = ProfileViewController.swift; sourceTree = "<group>"; };
		74AA9F411D09479100D92115 /* TrendingTableViewController.swift */ = {isa = PBXFileReference; fileEncoding = 4; lastKnownFileType = sourcecode.swift; path = TrendingTableViewController.swift; sourceTree = "<group>"; };
		74AA9F431D095B4F00D92115 /* Container.swift */ = {isa = PBXFileReference; fileEncoding = 4; lastKnownFileType = sourcecode.swift; path = Container.swift; sourceTree = "<group>"; };
		74AA9F451D095E3F00D92115 /* TabBarViewController.swift */ = {isa = PBXFileReference; fileEncoding = 4; lastKnownFileType = sourcecode.swift; path = TabBarViewController.swift; sourceTree = "<group>"; };
/* End PBXFileReference section */

/* Begin PBXFrameworksBuildPhase section */
		74AA9EED1D06ACA900D92115 /* Frameworks */ = {
			isa = PBXFrameworksBuildPhase;
			buildActionMask = 2147483647;
			files = (
				74AA9F231D06C38400D92115 /* libsqlite3.tbd in Frameworks */,
				74AA9F211D06C37D00D92115 /* libz.tbd in Frameworks */,
				74AA9F2B1D07E51400D92115 /* FBSDKShareKit.framework in Frameworks */,
				74AA9F1F1D06C37500D92115 /* SystemConfiguration.framework in Frameworks */,
				74AA9F1D1D06C36800D92115 /* StoreKit.framework in Frameworks */,
				74AA9F2A1D07E51400D92115 /* FBSDKLoginKit.framework in Frameworks */,
				74AA9F1B1D06C35B00D92115 /* Security.framework in Frameworks */,
				74AA9F191D06C35400D92115 /* QuartzCore.framework in Frameworks */,
				74AA9F171D06C34B00D92115 /* CoreLocation.framework in Frameworks */,
				74AA9F151D06C34300D92115 /* CoreGraphics.framework in Frameworks */,
				74AA9F291D07E51400D92115 /* FBSDKCoreKit.framework in Frameworks */,
				74AA9F131D06C33D00D92115 /* CFNetwork.framework in Frameworks */,
				74AA9F111D06C33300D92115 /* AudioToolbox.framework in Frameworks */,
				74AA9F0E1D06C13100D92115 /* Parse.framework in Frameworks */,
				74AA9F341D080D3B00D92115 /* ParseFacebookUtilsV4.framework in Frameworks */,
				74AA9F321D080B8A00D92115 /* ParseFacebookUtils.framework in Frameworks */,
				74AA9F0D1D06C13100D92115 /* Bolts.framework in Frameworks */,
			);
			runOnlyForDeploymentPostprocessing = 0;
		};
/* End PBXFrameworksBuildPhase section */

/* Begin PBXGroup section */
		74AA9EE71D06ACA900D92115 = {
			isa = PBXGroup;
			children = (
				74AA9EF21D06ACA900D92115 /* NewsFeedGenerator */,
				74AA9EF11D06ACA900D92115 /* Products */,
				74AA9F2C1D07E63500D92115 /* FacebookSDK */,
				74AA9F0F1D06C13600D92115 /* Frameworks */,
			);
			sourceTree = "<group>";
		};
		74AA9EF11D06ACA900D92115 /* Products */ = {
			isa = PBXGroup;
			children = (
				74AA9EF01D06ACA900D92115 /* NewsFeedGenerator.app */,
			);
			name = Products;
			sourceTree = "<group>";
		};
		74AA9EF21D06ACA900D92115 /* NewsFeedGenerator */ = {
			isa = PBXGroup;
			children = (
				74AA9EF31D06ACA900D92115 /* AppDelegate.swift */,
				74AA9EF71D06ACA900D92115 /* Main.storyboard */,
				74AA9EFA1D06ACA900D92115 /* Assets.xcassets */,
				74AA9F381D0941CA00D92115 /* Tab bar View Controllers */,
				74AA9F371D09412D00D92115 /* Registration */,
				74AA9EF51D06ACA900D92115 /* ViewController.swift */,
				74AA9F091D06BB7700D92115 /* ChooseResourceViewController.swift */,
				74AA9F431D095B4F00D92115 /* Container.swift */,
				74AA9EFC1D06ACA900D92115 /* LaunchScreen.storyboard */,
				74AA9EFF1D06ACA900D92115 /* Info.plist */,
				74AA9F2D1D07ECA400D92115 /* NewsFeedGenerator-Bridging-Header.h */,
			);
			path = NewsFeedGenerator;
			sourceTree = "<group>";
		};
		74AA9F0F1D06C13600D92115 /* Frameworks */ = {
			isa = PBXGroup;
			children = (
				74AA9F311D080B8A00D92115 /* ParseFacebookUtils.framework */,
				74AA9F221D06C38400D92115 /* libsqlite3.tbd */,
				74AA9F201D06C37D00D92115 /* libz.tbd */,
				74AA9F331D080D3B00D92115 /* ParseFacebookUtilsV4.framework */,
				74AA9F1E1D06C37500D92115 /* SystemConfiguration.framework */,
				74AA9F1C1D06C36800D92115 /* StoreKit.framework */,
				74AA9F1A1D06C35B00D92115 /* Security.framework */,
				74AA9F181D06C35400D92115 /* QuartzCore.framework */,
				74AA9F161D06C34B00D92115 /* CoreLocation.framework */,
				74AA9F141D06C34300D92115 /* CoreGraphics.framework */,
				74AA9F121D06C33D00D92115 /* CFNetwork.framework */,
				74AA9F101D06C33300D92115 /* AudioToolbox.framework */,
				74AA9F0B1D06C13100D92115 /* Bolts.framework */,
				74AA9F0C1D06C13100D92115 /* Parse.framework */,
			);
			name = Frameworks;
			sourceTree = "<group>";
		};
		74AA9F2C1D07E63500D92115 /* FacebookSDK */ = {
			isa = PBXGroup;
			children = (
				74AA9F261D07E51400D92115 /* FBSDKCoreKit.framework */,
				74AA9F271D07E51400D92115 /* FBSDKLoginKit.framework */,
				74AA9F281D07E51400D92115 /* FBSDKShareKit.framework */,
			);
			name = FacebookSDK;
			path = NewsFeedGenerator;
			sourceTree = "<group>";
		};
		74AA9F371D09412D00D92115 /* Registration */ = {
			isa = PBXGroup;
			children = (
				74AA9F051D06B13200D92115 /* SignInViewController.swift */,
				74AA9F071D06B3A700D92115 /* SignUpViewController.swift */,
				74AA9F241D06CE0E00D92115 /* ResetPasswordViewController.swift */,
			);
			name = Registration;
			sourceTree = "<group>";
		};
		74AA9F381D0941CA00D92115 /* Tab bar View Controllers */ = {
			isa = PBXGroup;
			children = (
				74AA9F3B1D09427C00D92115 /* FeedTableViewController.swift */,
				74AA9F451D095E3F00D92115 /* TabBarViewController.swift */,
				74AA9F3D1D0942CE00D92115 /* FavoritesTableViewController.swift */,
				74AA9F411D09479100D92115 /* TrendingTableViewController.swift */,
				74AA9F3F1D0942E700D92115 /* ProfileViewController.swift */,
			);
			name = "Tab bar View Controllers";
			sourceTree = "<group>";
		};
/* End PBXGroup section */

/* Begin PBXNativeTarget section */
		74AA9EEF1D06ACA900D92115 /* NewsFeedGenerator */ = {
			isa = PBXNativeTarget;
			buildConfigurationList = 74AA9F021D06ACA900D92115 /* Build configuration list for PBXNativeTarget "NewsFeedGenerator" */;
			buildPhases = (
				74AA9EEC1D06ACA900D92115 /* Sources */,
				74AA9EED1D06ACA900D92115 /* Frameworks */,
				74AA9EEE1D06ACA900D92115 /* Resources */,
			);
			buildRules = (
			);
			dependencies = (
			);
			name = NewsFeedGenerator;
			productName = NewsFeedGenerator;
			productReference = 74AA9EF01D06ACA900D92115 /* NewsFeedGenerator.app */;
			productType = "com.apple.product-type.application";
		};
/* End PBXNativeTarget section */

/* Begin PBXProject section */
		74AA9EE81D06ACA900D92115 /* Project object */ = {
			isa = PBXProject;
			attributes = {
				LastSwiftUpdateCheck = 0730;
				LastUpgradeCheck = 0730;
				ORGANIZATIONNAME = Nurzhan;
				TargetAttributes = {
					74AA9EEF1D06ACA900D92115 = {
						CreatedOnToolsVersion = 7.3.1;
					};
				};
			};
			buildConfigurationList = 74AA9EEB1D06ACA900D92115 /* Build configuration list for PBXProject "NewsFeedGenerator" */;
			compatibilityVersion = "Xcode 3.2";
			developmentRegion = English;
			hasScannedForEncodings = 0;
			knownRegions = (
				en,
				Base,
			);
			mainGroup = 74AA9EE71D06ACA900D92115;
			productRefGroup = 74AA9EF11D06ACA900D92115 /* Products */;
			projectDirPath = "";
			projectRoot = "";
			targets = (
				74AA9EEF1D06ACA900D92115 /* NewsFeedGenerator */,
			);
		};
/* End PBXProject section */

/* Begin PBXResourcesBuildPhase section */
		74AA9EEE1D06ACA900D92115 /* Resources */ = {
			isa = PBXResourcesBuildPhase;
			buildActionMask = 2147483647;
			files = (
				74AA9EFE1D06ACA900D92115 /* LaunchScreen.storyboard in Resources */,
				74AA9EFB1D06ACA900D92115 /* Assets.xcassets in Resources */,
				74AA9EF91D06ACA900D92115 /* Main.storyboard in Resources */,
			);
			runOnlyForDeploymentPostprocessing = 0;
		};
/* End PBXResourcesBuildPhase section */

/* Begin PBXSourcesBuildPhase section */
		74AA9EEC1D06ACA900D92115 /* Sources */ = {
			isa = PBXSourcesBuildPhase;
			buildActionMask = 2147483647;
			files = (
				74AA9F421D09479100D92115 /* TrendingTableViewController.swift in Sources */,
				74AA9EF61D06ACA900D92115 /* ViewController.swift in Sources */,
				74AA9EF41D06ACA900D92115 /* AppDelegate.swift in Sources */,
				74AA9F0A1D06BB7700D92115 /* ChooseResourceViewController.swift in Sources */,
				74AA9F461D095E3F00D92115 /* TabBarViewController.swift in Sources */,
				74AA9F3E1D0942CE00D92115 /* FavoritesTableViewController.swift in Sources */,
				74AA9F3C1D09427C00D92115 /* FeedTableViewController.swift in Sources */,
				74AA9F251D06CE0E00D92115 /* ResetPasswordViewController.swift in Sources */,
				74AA9F401D0942E700D92115 /* ProfileViewController.swift in Sources */,
				74AA9F081D06B3A700D92115 /* SignUpViewController.swift in Sources */,
				74AA9F441D095B4F00D92115 /* Container.swift in Sources */,
				74AA9F061D06B13200D92115 /* SignInViewController.swift in Sources */,
			);
			runOnlyForDeploymentPostprocessing = 0;
		};
/* End PBXSourcesBuildPhase section */

/* Begin PBXVariantGroup section */
		74AA9EF71D06ACA900D92115 /* Main.storyboard */ = {
			isa = PBXVariantGroup;
			children = (
				74AA9EF81D06ACA900D92115 /* Base */,
			);
			name = Main.storyboard;
			sourceTree = "<group>";
		};
		74AA9EFC1D06ACA900D92115 /* LaunchScreen.storyboard */ = {
			isa = PBXVariantGroup;
			children = (
				74AA9EFD1D06ACA900D92115 /* Base */,
			);
			name = LaunchScreen.storyboard;
			sourceTree = "<group>";
		};
/* End PBXVariantGroup section */

/* Begin XCBuildConfiguration section */
		74AA9F001D06ACA900D92115 /* Debug */ = {
			isa = XCBuildConfiguration;
			buildSettings = {
				ALWAYS_SEARCH_USER_PATHS = NO;
				CLANG_ANALYZER_NONNULL = YES;
				CLANG_CXX_LANGUAGE_STANDARD = "gnu++0x";
				CLANG_CXX_LIBRARY = "libc++";
				CLANG_ENABLE_MODULES = YES;
				CLANG_ENABLE_OBJC_ARC = YES;
				CLANG_WARN_BOOL_CONVERSION = YES;
				CLANG_WARN_CONSTANT_CONVERSION = YES;
				CLANG_WARN_DIRECT_OBJC_ISA_USAGE = YES_ERROR;
				CLANG_WARN_EMPTY_BODY = YES;
				CLANG_WARN_ENUM_CONVERSION = YES;
				CLANG_WARN_INT_CONVERSION = YES;
				CLANG_WARN_OBJC_ROOT_CLASS = YES_ERROR;
				CLANG_WARN_UNREACHABLE_CODE = YES;
				CLANG_WARN__DUPLICATE_METHOD_MATCH = YES;
				"CODE_SIGN_IDENTITY[sdk=iphoneos*]" = "iPhone Developer";
				COPY_PHASE_STRIP = NO;
				DEBUG_INFORMATION_FORMAT = dwarf;
				ENABLE_STRICT_OBJC_MSGSEND = YES;
				ENABLE_TESTABILITY = YES;
				GCC_C_LANGUAGE_STANDARD = gnu99;
				GCC_DYNAMIC_NO_PIC = NO;
				GCC_NO_COMMON_BLOCKS = YES;
				GCC_OPTIMIZATION_LEVEL = 0;
				GCC_PREPROCESSOR_DEFINITIONS = (
					"DEBUG=1",
					"$(inherited)",
				);
				GCC_WARN_64_TO_32_BIT_CONVERSION = YES;
				GCC_WARN_ABOUT_RETURN_TYPE = YES_ERROR;
				GCC_WARN_UNDECLARED_SELECTOR = YES;
				GCC_WARN_UNINITIALIZED_AUTOS = YES_AGGRESSIVE;
				GCC_WARN_UNUSED_FUNCTION = YES;
				GCC_WARN_UNUSED_VARIABLE = YES;
				IPHONEOS_DEPLOYMENT_TARGET = 9.3;
				MTL_ENABLE_DEBUG_INFO = YES;
				ONLY_ACTIVE_ARCH = YES;
				SDKROOT = iphoneos;
				SWIFT_OPTIMIZATION_LEVEL = "-Onone";
			};
			name = Debug;
		};
		74AA9F011D06ACA900D92115 /* Release */ = {
			isa = XCBuildConfiguration;
			buildSettings = {
				ALWAYS_SEARCH_USER_PATHS = NO;
				CLANG_ANALYZER_NONNULL = YES;
				CLANG_CXX_LANGUAGE_STANDARD = "gnu++0x";
				CLANG_CXX_LIBRARY = "libc++";
				CLANG_ENABLE_MODULES = YES;
				CLANG_ENABLE_OBJC_ARC = YES;
				CLANG_WARN_BOOL_CONVERSION = YES;
				CLANG_WARN_CONSTANT_CONVERSION = YES;
				CLANG_WARN_DIRECT_OBJC_ISA_USAGE = YES_ERROR;
				CLANG_WARN_EMPTY_BODY = YES;
				CLANG_WARN_ENUM_CONVERSION = YES;
				CLANG_WARN_INT_CONVERSION = YES;
				CLANG_WARN_OBJC_ROOT_CLASS = YES_ERROR;
				CLANG_WARN_UNREACHABLE_CODE = YES;
				CLANG_WARN__DUPLICATE_METHOD_MATCH = YES;
				"CODE_SIGN_IDENTITY[sdk=iphoneos*]" = "iPhone Developer";
				COPY_PHASE_STRIP = NO;
				DEBUG_INFORMATION_FORMAT = "dwarf-with-dsym";
				ENABLE_NS_ASSERTIONS = NO;
				ENABLE_STRICT_OBJC_MSGSEND = YES;
				GCC_C_LANGUAGE_STANDARD = gnu99;
				GCC_NO_COMMON_BLOCKS = YES;
				GCC_WARN_64_TO_32_BIT_CONVERSION = YES;
				GCC_WARN_ABOUT_RETURN_TYPE = YES_ERROR;
				GCC_WARN_UNDECLARED_SELECTOR = YES;
				GCC_WARN_UNINITIALIZED_AUTOS = YES_AGGRESSIVE;
				GCC_WARN_UNUSED_FUNCTION = YES;
				GCC_WARN_UNUSED_VARIABLE = YES;
				IPHONEOS_DEPLOYMENT_TARGET = 9.3;
				MTL_ENABLE_DEBUG_INFO = NO;
				SDKROOT = iphoneos;
				VALIDATE_PRODUCT = YES;
			};
			name = Release;
		};
		74AA9F031D06ACA900D92115 /* Debug */ = {
			isa = XCBuildConfiguration;
			buildSettings = {
				ASSETCATALOG_COMPILER_APPICON_NAME = AppIcon;
				CLANG_ENABLE_MODULES = YES;
				FRAMEWORK_SEARCH_PATHS = (
					"$(inherited)",
					"$(PROJECT_DIR)",
				);
				INFOPLIST_FILE = NewsFeedGenerator/Info.plist;
				LD_RUNPATH_SEARCH_PATHS = "$(inherited) @executable_path/Frameworks";
				PRODUCT_BUNDLE_IDENTIFIER = me.nurzhan.NewsFeedGenerator;
				PRODUCT_NAME = "$(TARGET_NAME)";
				SWIFT_OBJC_BRIDGING_HEADER = "NewsFeedGenerator/NewsFeedGenerator-Bridging-Header.h";
				SWIFT_OPTIMIZATION_LEVEL = "-Onone";
			};
			name = Debug;
		};
		74AA9F041D06ACA900D92115 /* Release */ = {
			isa = XCBuildConfiguration;
			buildSettings = {
				ASSETCATALOG_COMPILER_APPICON_NAME = AppIcon;
				CLANG_ENABLE_MODULES = YES;
				FRAMEWORK_SEARCH_PATHS = (
					"$(inherited)",
					"$(PROJECT_DIR)",
				);
				INFOPLIST_FILE = NewsFeedGenerator/Info.plist;
				LD_RUNPATH_SEARCH_PATHS = "$(inherited) @executable_path/Frameworks";
				PRODUCT_BUNDLE_IDENTIFIER = me.nurzhan.NewsFeedGenerator;
				PRODUCT_NAME = "$(TARGET_NAME)";
				SWIFT_OBJC_BRIDGING_HEADER = "NewsFeedGenerator/NewsFeedGenerator-Bridging-Header.h";
			};
			name = Release;
		};
/* End XCBuildConfiguration section */

/* Begin XCConfigurationList section */
		74AA9EEB1D06ACA900D92115 /* Build configuration list for PBXProject "NewsFeedGenerator" */ = {
			isa = XCConfigurationList;
			buildConfigurations = (
				74AA9F001D06ACA900D92115 /* Debug */,
				74AA9F011D06ACA900D92115 /* Release */,
			);
			defaultConfigurationIsVisible = 0;
			defaultConfigurationName = Release;
		};
		74AA9F021D06ACA900D92115 /* Build configuration list for PBXNativeTarget "NewsFeedGenerator" */ = {
			isa = XCConfigurationList;
			buildConfigurations = (
				74AA9F031D06ACA900D92115 /* Debug */,
				74AA9F041D06ACA900D92115 /* Release */,
			);
			defaultConfigurationIsVisible = 0;
		};
/* End XCConfigurationList section */
	};
	rootObject = 74AA9EE81D06ACA900D92115 /* Project object */;
}
